PODS:
  - CrittercismSDK (5.1.3)
  - FoglightAPM (6.2.0)
  - NewRelicAgent (4.83)

DEPENDENCIES:
  - CrittercismSDK
  - FoglightAPM (= 6.2.0)
  - NewRelicAgent (= 4.83)

SPEC CHECKSUMS:
  CrittercismSDK: 8d8b001c8350428bb0f05741a55faba04e0b2dca
  FoglightAPM: b313f682efae07882ae8bb154b9d8e6f08e8870d
  NewRelicAgent: fbbfe99990b5fc6ff9847dd0dff2eca9d1fc8985

COCOAPODS: 0.38.2
